// !$*UTF8*$!
{
	archiveVersion = 1;
	classes = {
	};
	objectVersion = 46;
	objects = {

/* Begin PBXBuildFile section */
		CA5F3C5E1C896C3E0039D244 /* main.m in Sources */ = {isa = PBXBuildFile; fileRef = CA5F3C5D1C896C3E0039D244 /* main.m */; };
		CA5F3C691C896C3E0039D244 /* Assets.xcassets in Resources */ = {isa = PBXBuildFile; fileRef = CA5F3C681C896C3E0039D244 /* Assets.xcassets */; };
		CA5F3C6C1C896C3E0039D244 /* LaunchScreen.storyboard in Resources */ = {isa = PBXBuildFile; fileRef = CA5F3C6A1C896C3E0039D244 /* LaunchScreen.storyboard */; };
		CA5F3C771C896C3E0039D244 /* YXDatabaseHandleSourceCodeTests.m in Sources */ = {isa = PBXBuildFile; fileRef = CA5F3C761C896C3E0039D244 /* YXDatabaseHandleSourceCodeTests.m */; };
		CA5F3C821C896C3E0039D244 /* YXDatabaseHandleSourceCodeUITests.m in Sources */ = {isa = PBXBuildFile; fileRef = CA5F3C811C896C3E0039D244 /* YXDatabaseHandleSourceCodeUITests.m */; };
		CA5F3C941C896CCF0039D244 /* AppDelegate.m in Sources */ = {isa = PBXBuildFile; fileRef = CA5F3C901C896CCF0039D244 /* AppDelegate.m */; };
		CA5F3C951C896CCF0039D244 /* ViewController.m in Sources */ = {isa = PBXBuildFile; fileRef = CA5F3C921C896CCF0039D244 /* ViewController.m */; };
		CA5F3C961C896CCF0039D244 /* Main.storyboard in Resources */ = {isa = PBXBuildFile; fileRef = CA5F3C931C896CCF0039D244 /* Main.storyboard */; };
		CA5F3CD11C896CE60039D244 /* CompanyModel.m in Sources */ = {isa = PBXBuildFile; fileRef = CA5F3C991C896CE60039D244 /* CompanyModel.m */; };
		CA5F3CD21C896CE60039D244 /* EmployeeModel.m in Sources */ = {isa = PBXBuildFile; fileRef = CA5F3C9B1C896CE60039D244 /* EmployeeModel.m */; };
		CA5F3CD31C896CE60039D244 /* EmployeeModel_table_mappingFile.plist in Resources */ = {isa = PBXBuildFile; fileRef = CA5F3C9C1C896CE60039D244 /* EmployeeModel_table_mappingFile.plist */; };
		CA5F3CD41C896CE60039D244 /* UserModel.json in Resources */ = {isa = PBXBuildFile; fileRef = CA5F3C9F1C896CE60039D244 /* UserModel.json */; };
		CA5F3CD51C896CE60039D244 /* UserModel.m in Sources */ = {isa = PBXBuildFile; fileRef = CA5F3CA01C896CE60039D244 /* UserModel.m */; };
		CA5F3CD61C896CE60039D244 /* SVProgressHUD.bundle in Resources */ = {isa = PBXBuildFile; fileRef = CA5F3CA21C896CE60039D244 /* SVProgressHUD.bundle */; };
		CA5F3CD71C896CE60039D244 /* SVProgressHUD.m in Sources */ = {isa = PBXBuildFile; fileRef = CA5F3CA41C896CE60039D244 /* SVProgressHUD.m */; };
		CA5F3CEB1C896D1A0039D244 /* libsqlite3.tbd in Frameworks */ = {isa = PBXBuildFile; fileRef = CA5F3CEA1C896D1A0039D244 /* libsqlite3.tbd */; };
		F16AF74D1ECBF5F000B9E045 /* NSString+YXStringEX.m in Sources */ = {isa = PBXBuildFile; fileRef = F16AF7321ECBF5F000B9E045 /* NSString+YXStringEX.m */; };
		F16AF74E1ECBF5F000B9E045 /* YXDatabaseHandle+Delete.m in Sources */ = {isa = PBXBuildFile; fileRef = F16AF7361ECBF5F000B9E045 /* YXDatabaseHandle+Delete.m */; };
		F16AF74F1ECBF5F000B9E045 /* YXDatabaseHandle+Insert.m in Sources */ = {isa = PBXBuildFile; fileRef = F16AF7381ECBF5F000B9E045 /* YXDatabaseHandle+Insert.m */; };
		F16AF7501ECBF5F000B9E045 /* YXDatabaseHandle+Select.m in Sources */ = {isa = PBXBuildFile; fileRef = F16AF73A1ECBF5F000B9E045 /* YXDatabaseHandle+Select.m */; };
		F16AF7511ECBF5F000B9E045 /* YXDatabaseHandle+Update.m in Sources */ = {isa = PBXBuildFile; fileRef = F16AF73C1ECBF5F000B9E045 /* YXDatabaseHandle+Update.m */; };
		F16AF7521ECBF5F000B9E045 /* YXDatabaseHandle.m in Sources */ = {isa = PBXBuildFile; fileRef = F16AF73E1ECBF5F000B9E045 /* YXDatabaseHandle.m */; };
		F16AF7531ECBF5F000B9E045 /* YXDBHelper.m in Sources */ = {isa = PBXBuildFile; fileRef = F16AF7401ECBF5F000B9E045 /* YXDBHelper.m */; };
		F16AF7541ECBF5F000B9E045 /* YXTableColumnInfo.m in Sources */ = {isa = PBXBuildFile; fileRef = F16AF7421ECBF5F000B9E045 /* YXTableColumnInfo.m */; };
		F16AF7551ECBF5F000B9E045 /* YXTableInfo.m in Sources */ = {isa = PBXBuildFile; fileRef = F16AF7441ECBF5F000B9E045 /* YXTableInfo.m */; };
		F16AF7561ECBF5F000B9E045 /* YXLogsModel_table_mappingFile.plist in Resources */ = {isa = PBXBuildFile; fileRef = F16AF7471ECBF5F000B9E045 /* YXLogsModel_table_mappingFile.plist */; };
		F16AF7571ECBF5F000B9E045 /* YXRootModel.m in Sources */ = {isa = PBXBuildFile; fileRef = F16AF74A1ECBF5F000B9E045 /* YXRootModel.m */; };
		F16AF7581ECBF5F000B9E045 /* YXReadMe.txt in Resources */ = {isa = PBXBuildFile; fileRef = F16AF74B1ECBF5F000B9E045 /* YXReadMe.txt */; };
		F19B0E461F04A673006C6485 /* FMDatabase.m in Sources */ = {isa = PBXBuildFile; fileRef = F19B0E3D1F04A673006C6485 /* FMDatabase.m */; };
		F19B0E471F04A673006C6485 /* FMDatabaseAdditions.m in Sources */ = {isa = PBXBuildFile; fileRef = F19B0E3F1F04A673006C6485 /* FMDatabaseAdditions.m */; };
		F19B0E481F04A673006C6485 /* FMDatabasePool.m in Sources */ = {isa = PBXBuildFile; fileRef = F19B0E411F04A673006C6485 /* FMDatabasePool.m */; };
		F19B0E491F04A673006C6485 /* FMDatabaseQueue.m in Sources */ = {isa = PBXBuildFile; fileRef = F19B0E431F04A673006C6485 /* FMDatabaseQueue.m */; };
		F19B0E4A1F04A673006C6485 /* FMResultSet.m in Sources */ = {isa = PBXBuildFile; fileRef = F19B0E451F04A673006C6485 /* FMResultSet.m */; };
/* End PBXBuildFile section */

/* Begin PBXContainerItemProxy section */
		CA5F3C731C896C3E0039D244 /* PBXContainerItemProxy */ = {
			isa = PBXContainerItemProxy;
			containerPortal = CA5F3C511C896C3D0039D244 /* Project object */;
			proxyType = 1;
			remoteGlobalIDString = CA5F3C581C896C3E0039D244;
			remoteInfo = YXDatabaseHandleSourceCode;
		};
		CA5F3C7E1C896C3E0039D244 /* PBXContainerItemProxy */ = {
			isa = PBXContainerItemProxy;
			containerPortal = CA5F3C511C896C3D0039D244 /* Project object */;
			proxyType = 1;
			remoteGlobalIDString = CA5F3C581C896C3E0039D244;
			remoteInfo = YXDatabaseHandleSourceCode;
		};
/* End PBXContainerItemProxy section */

/* Begin PBXFileReference section */
		CA5F3C591C896C3E0039D244 /* YXDatabaseHandleSourceCode.app */ = {isa = PBXFileReference; explicitFileType = wrapper.application; includeInIndex = 0; path = YXDatabaseHandleSourceCode.app; sourceTree = BUILT_PRODUCTS_DIR; };
		CA5F3C5D1C896C3E0039D244 /* main.m */ = {isa = PBXFileReference; lastKnownFileType = sourcecode.c.objc; path = main.m; sourceTree = "<group>"; };
		CA5F3C681C896C3E0039D244 /* Assets.xcassets */ = {isa = PBXFileReference; lastKnownFileType = folder.assetcatalog; path = Assets.xcassets; sourceTree = "<group>"; };
		CA5F3C6B1C896C3E0039D244 /* Base */ = {isa = PBXFileReference; lastKnownFileType = file.storyboard; name = Base; path = Base.lproj/LaunchScreen.storyboard; sourceTree = "<group>"; };
		CA5F3C6D1C896C3E0039D244 /* Info.plist */ = {isa = PBXFileReference; lastKnownFileType = text.plist.xml; path = Info.plist; sourceTree = "<group>"; };
		CA5F3C721C896C3E0039D244 /* YXDatabaseHandleSourceCodeTests.xctest */ = {isa = PBXFileReference; explicitFileType = wrapper.cfbundle; includeInIndex = 0; path = YXDatabaseHandleSourceCodeTests.xctest; sourceTree = BUILT_PRODUCTS_DIR; };
		CA5F3C761C896C3E0039D244 /* YXDatabaseHandleSourceCodeTests.m */ = {isa = PBXFileReference; lastKnownFileType = sourcecode.c.objc; path = YXDatabaseHandleSourceCodeTests.m; sourceTree = "<group>"; };
		CA5F3C781C896C3E0039D244 /* Info.plist */ = {isa = PBXFileReference; lastKnownFileType = text.plist.xml; path = Info.plist; sourceTree = "<group>"; };
		CA5F3C7D1C896C3E0039D244 /* YXDatabaseHandleSourceCodeUITests.xctest */ = {isa = PBXFileReference; explicitFileType = wrapper.cfbundle; includeInIndex = 0; path = YXDatabaseHandleSourceCodeUITests.xctest; sourceTree = BUILT_PRODUCTS_DIR; };
		CA5F3C811C896C3E0039D244 /* YXDatabaseHandleSourceCodeUITests.m */ = {isa = PBXFileReference; lastKnownFileType = sourcecode.c.objc; path = YXDatabaseHandleSourceCodeUITests.m; sourceTree = "<group>"; };
		CA5F3C831C896C3E0039D244 /* Info.plist */ = {isa = PBXFileReference; lastKnownFileType = text.plist.xml; path = Info.plist; sourceTree = "<group>"; };
		CA5F3C8F1C896CCF0039D244 /* AppDelegate.h */ = {isa = PBXFileReference; fileEncoding = 4; lastKnownFileType = sourcecode.c.h; path = AppDelegate.h; sourceTree = "<group>"; };
		CA5F3C901C896CCF0039D244 /* AppDelegate.m */ = {isa = PBXFileReference; fileEncoding = 4; lastKnownFileType = sourcecode.c.objc; path = AppDelegate.m; sourceTree = "<group>"; };
		CA5F3C911C896CCF0039D244 /* ViewController.h */ = {isa = PBXFileReference; fileEncoding = 4; lastKnownFileType = sourcecode.c.h; path = ViewController.h; sourceTree = "<group>"; };
		CA5F3C921C896CCF0039D244 /* ViewController.m */ = {isa = PBXFileReference; fileEncoding = 4; lastKnownFileType = sourcecode.c.objc; path = ViewController.m; sourceTree = "<group>"; };
		CA5F3C931C896CCF0039D244 /* Main.storyboard */ = {isa = PBXFileReference; fileEncoding = 4; lastKnownFileType = file.storyboard; path = Main.storyboard; sourceTree = "<group>"; };
		CA5F3C981C896CE60039D244 /* CompanyModel.h */ = {isa = PBXFileReference; fileEncoding = 4; lastKnownFileType = sourcecode.c.h; path = CompanyModel.h; sourceTree = "<group>"; };
		CA5F3C991C896CE60039D244 /* CompanyModel.m */ = {isa = PBXFileReference; fileEncoding = 4; lastKnownFileType = sourcecode.c.objc; path = CompanyModel.m; sourceTree = "<group>"; };
		CA5F3C9A1C896CE60039D244 /* EmployeeModel.h */ = {isa = PBXFileReference; fileEncoding = 4; lastKnownFileType = sourcecode.c.h; path = EmployeeModel.h; sourceTree = "<group>"; };
		CA5F3C9B1C896CE60039D244 /* EmployeeModel.m */ = {isa = PBXFileReference; fileEncoding = 4; lastKnownFileType = sourcecode.c.objc; path = EmployeeModel.m; sourceTree = "<group>"; };
		CA5F3C9C1C896CE60039D244 /* EmployeeModel_table_mappingFile.plist */ = {isa = PBXFileReference; fileEncoding = 4; lastKnownFileType = text.plist.xml; path = EmployeeModel_table_mappingFile.plist; sourceTree = "<group>"; };
		CA5F3C9E1C896CE60039D244 /* UserModel.h */ = {isa = PBXFileReference; fileEncoding = 4; lastKnownFileType = sourcecode.c.h; path = UserModel.h; sourceTree = "<group>"; };
		CA5F3C9F1C896CE60039D244 /* UserModel.json */ = {isa = PBXFileReference; fileEncoding = 4; lastKnownFileType = text.json; path = UserModel.json; sourceTree = "<group>"; };
		CA5F3CA01C896CE60039D244 /* UserModel.m */ = {isa = PBXFileReference; fileEncoding = 4; lastKnownFileType = sourcecode.c.objc; path = UserModel.m; sourceTree = "<group>"; };
		CA5F3CA21C896CE60039D244 /* SVProgressHUD.bundle */ = {isa = PBXFileReference; lastKnownFileType = "wrapper.plug-in"; path = SVProgressHUD.bundle; sourceTree = "<group>"; };
		CA5F3CA31C896CE60039D244 /* SVProgressHUD.h */ = {isa = PBXFileReference; fileEncoding = 4; lastKnownFileType = sourcecode.c.h; path = SVProgressHUD.h; sourceTree = "<group>"; };
		CA5F3CA41C896CE60039D244 /* SVProgressHUD.m */ = {isa = PBXFileReference; fileEncoding = 4; lastKnownFileType = sourcecode.c.objc; path = SVProgressHUD.m; sourceTree = "<group>"; };
		CA5F3CEA1C896D1A0039D244 /* libsqlite3.tbd */ = {isa = PBXFileReference; lastKnownFileType = "sourcecode.text-based-dylib-definition"; name = libsqlite3.tbd; path = usr/lib/libsqlite3.tbd; sourceTree = SDKROOT; };
		F16AF7311ECBF5F000B9E045 /* NSString+YXStringEX.h */ = {isa = PBXFileReference; fileEncoding = 4; lastKnownFileType = sourcecode.c.h; path = "NSString+YXStringEX.h"; sourceTree = "<group>"; };
		F16AF7321ECBF5F000B9E045 /* NSString+YXStringEX.m */ = {isa = PBXFileReference; fileEncoding = 4; lastKnownFileType = sourcecode.c.objc; path = "NSString+YXStringEX.m"; sourceTree = "<group>"; };
		F16AF7351ECBF5F000B9E045 /* YXDatabaseHandle+Delete.h */ = {isa = PBXFileReference; fileEncoding = 4; lastKnownFileType = sourcecode.c.h; path = "YXDatabaseHandle+Delete.h"; sourceTree = "<group>"; };
		F16AF7361ECBF5F000B9E045 /* YXDatabaseHandle+Delete.m */ = {isa = PBXFileReference; fileEncoding = 4; lastKnownFileType = sourcecode.c.objc; path = "YXDatabaseHandle+Delete.m"; sourceTree = "<group>"; };
		F16AF7371ECBF5F000B9E045 /* YXDatabaseHandle+Insert.h */ = {isa = PBXFileReference; fileEncoding = 4; lastKnownFileType = sourcecode.c.h; path = "YXDatabaseHandle+Insert.h"; sourceTree = "<group>"; };
		F16AF7381ECBF5F000B9E045 /* YXDatabaseHandle+Insert.m */ = {isa = PBXFileReference; fileEncoding = 4; lastKnownFileType = sourcecode.c.objc; path = "YXDatabaseHandle+Insert.m"; sourceTree = "<group>"; };
		F16AF7391ECBF5F000B9E045 /* YXDatabaseHandle+Select.h */ = {isa = PBXFileReference; fileEncoding = 4; lastKnownFileType = sourcecode.c.h; path = "YXDatabaseHandle+Select.h"; sourceTree = "<group>"; };
		F16AF73A1ECBF5F000B9E045 /* YXDatabaseHandle+Select.m */ = {isa = PBXFileReference; fileEncoding = 4; lastKnownFileType = sourcecode.c.objc; path = "YXDatabaseHandle+Select.m"; sourceTree = "<group>"; };
		F16AF73B1ECBF5F000B9E045 /* YXDatabaseHandle+Update.h */ = {isa = PBXFileReference; fileEncoding = 4; lastKnownFileType = sourcecode.c.h; path = "YXDatabaseHandle+Update.h"; sourceTree = "<group>"; };
		F16AF73C1ECBF5F000B9E045 /* YXDatabaseHandle+Update.m */ = {isa = PBXFileReference; fileEncoding = 4; lastKnownFileType = sourcecode.c.objc; path = "YXDatabaseHandle+Update.m"; sourceTree = "<group>"; };
		F16AF73D1ECBF5F000B9E045 /* YXDatabaseHandle.h */ = {isa = PBXFileReference; fileEncoding = 4; lastKnownFileType = sourcecode.c.h; path = YXDatabaseHandle.h; sourceTree = "<group>"; };
		F16AF73E1ECBF5F000B9E045 /* YXDatabaseHandle.m */ = {isa = PBXFileReference; fileEncoding = 4; lastKnownFileType = sourcecode.c.objc; path = YXDatabaseHandle.m; sourceTree = "<group>"; };
		F16AF73F1ECBF5F000B9E045 /* YXDBHelper.h */ = {isa = PBXFileReference; fileEncoding = 4; lastKnownFileType = sourcecode.c.h; path = YXDBHelper.h; sourceTree = "<group>"; };
		F16AF7401ECBF5F000B9E045 /* YXDBHelper.m */ = {isa = PBXFileReference; fileEncoding = 4; lastKnownFileType = sourcecode.c.objc; path = YXDBHelper.m; sourceTree = "<group>"; };
		F16AF7411ECBF5F000B9E045 /* YXTableColumnInfo.h */ = {isa = PBXFileReference; fileEncoding = 4; lastKnownFileType = sourcecode.c.h; path = YXTableColumnInfo.h; sourceTree = "<group>"; };
		F16AF7421ECBF5F000B9E045 /* YXTableColumnInfo.m */ = {isa = PBXFileReference; fileEncoding = 4; lastKnownFileType = sourcecode.c.objc; path = YXTableColumnInfo.m; sourceTree = "<group>"; };
		F16AF7431ECBF5F000B9E045 /* YXTableInfo.h */ = {isa = PBXFileReference; fileEncoding = 4; lastKnownFileType = sourcecode.c.h; path = YXTableInfo.h; sourceTree = "<group>"; };
		F16AF7441ECBF5F000B9E045 /* YXTableInfo.m */ = {isa = PBXFileReference; fileEncoding = 4; lastKnownFileType = sourcecode.c.objc; path = YXTableInfo.m; sourceTree = "<group>"; };
		F16AF7451ECBF5F000B9E045 /* YXTypedefine.h */ = {isa = PBXFileReference; fileEncoding = 4; lastKnownFileType = sourcecode.c.h; path = YXTypedefine.h; sourceTree = "<group>"; };
		F16AF7471ECBF5F000B9E045 /* YXLogsModel_table_mappingFile.plist */ = {isa = PBXFileReference; fileEncoding = 4; lastKnownFileType = text.plist.xml; path = YXLogsModel_table_mappingFile.plist; sourceTree = "<group>"; };
		F16AF7491ECBF5F000B9E045 /* YXRootModel.h */ = {isa = PBXFileReference; fileEncoding = 4; lastKnownFileType = sourcecode.c.h; path = YXRootModel.h; sourceTree = "<group>"; };
		F16AF74A1ECBF5F000B9E045 /* YXRootModel.m */ = {isa = PBXFileReference; fileEncoding = 4; lastKnownFileType = sourcecode.c.objc; path = YXRootModel.m; sourceTree = "<group>"; };
		F16AF74B1ECBF5F000B9E045 /* YXReadMe.txt */ = {isa = PBXFileReference; fileEncoding = 4; lastKnownFileType = text; path = YXReadMe.txt; sourceTree = "<group>"; };
		F19B0E3C1F04A673006C6485 /* FMDatabase.h */ = {isa = PBXFileReference; fileEncoding = 4; lastKnownFileType = sourcecode.c.h; path = FMDatabase.h; sourceTree = "<group>"; };
		F19B0E3D1F04A673006C6485 /* FMDatabase.m */ = {isa = PBXFileReference; fileEncoding = 4; lastKnownFileType = sourcecode.c.objc; path = FMDatabase.m; sourceTree = "<group>"; };
		F19B0E3E1F04A673006C6485 /* FMDatabaseAdditions.h */ = {isa = PBXFileReference; fileEncoding = 4; lastKnownFileType = sourcecode.c.h; path = FMDatabaseAdditions.h; sourceTree = "<group>"; };
		F19B0E3F1F04A673006C6485 /* FMDatabaseAdditions.m */ = {isa = PBXFileReference; fileEncoding = 4; lastKnownFileType = sourcecode.c.objc; path = FMDatabaseAdditions.m; sourceTree = "<group>"; };
		F19B0E401F04A673006C6485 /* FMDatabasePool.h */ = {isa = PBXFileReference; fileEncoding = 4; lastKnownFileType = sourcecode.c.h; path = FMDatabasePool.h; sourceTree = "<group>"; };
		F19B0E411F04A673006C6485 /* FMDatabasePool.m */ = {isa = PBXFileReference; fileEncoding = 4; lastKnownFileType = sourcecode.c.objc; path = FMDatabasePool.m; sourceTree = "<group>"; };
		F19B0E421F04A673006C6485 /* FMDatabaseQueue.h */ = {isa = PBXFileReference; fileEncoding = 4; lastKnownFileType = sourcecode.c.h; path = FMDatabaseQueue.h; sourceTree = "<group>"; };
		F19B0E431F04A673006C6485 /* FMDatabaseQueue.m */ = {isa = PBXFileReference; fileEncoding = 4; lastKnownFileType = sourcecode.c.objc; path = FMDatabaseQueue.m; sourceTree = "<group>"; };
		F19B0E441F04A673006C6485 /* FMResultSet.h */ = {isa = PBXFileReference; fileEncoding = 4; lastKnownFileType = sourcecode.c.h; path = FMResultSet.h; sourceTree = "<group>"; };
		F19B0E451F04A673006C6485 /* FMResultSet.m */ = {isa = PBXFileReference; fileEncoding = 4; lastKnownFileType = sourcecode.c.objc; path = FMResultSet.m; sourceTree = "<group>"; };
/* End PBXFileReference section */

/* Begin PBXFrameworksBuildPhase section */
		CA5F3C561C896C3E0039D244 /* Frameworks */ = {
			isa = PBXFrameworksBuildPhase;
			buildActionMask = 2147483647;
			files = (
				CA5F3CEB1C896D1A0039D244 /* libsqlite3.tbd in Frameworks */,
			);
			runOnlyForDeploymentPostprocessing = 0;
		};
		CA5F3C6F1C896C3E0039D244 /* Frameworks */ = {
			isa = PBXFrameworksBuildPhase;
			buildActionMask = 2147483647;
			files = (
			);
			runOnlyForDeploymentPostprocessing = 0;
		};
		CA5F3C7A1C896C3E0039D244 /* Frameworks */ = {
			isa = PBXFrameworksBuildPhase;
			buildActionMask = 2147483647;
			files = (
			);
			runOnlyForDeploymentPostprocessing = 0;
		};
/* End PBXFrameworksBuildPhase section */

/* Begin PBXGroup section */
		CA5F3C501C896C3D0039D244 = {
			isa = PBXGroup;
			children = (
				CA5F3CEA1C896D1A0039D244 /* libsqlite3.tbd */,
				CA5F3C5B1C896C3E0039D244 /* YXDatabaseHandleSourceCode */,
				CA5F3C751C896C3E0039D244 /* YXDatabaseHandleSourceCodeTests */,
				CA5F3C801C896C3E0039D244 /* YXDatabaseHandleSourceCodeUITests */,
				CA5F3C5A1C896C3E0039D244 /* Products */,
			);
			sourceTree = "<group>";
		};
		CA5F3C5A1C896C3E0039D244 /* Products */ = {
			isa = PBXGroup;
			children = (
				CA5F3C591C896C3E0039D244 /* YXDatabaseHandleSourceCode.app */,
				CA5F3C721C896C3E0039D244 /* YXDatabaseHandleSourceCodeTests.xctest */,
				CA5F3C7D1C896C3E0039D244 /* YXDatabaseHandleSourceCodeUITests.xctest */,
			);
			name = Products;
			sourceTree = "<group>";
		};
		CA5F3C5B1C896C3E0039D244 /* YXDatabaseHandleSourceCode */ = {
			isa = PBXGroup;
			children = (
				CA5F3C971C896CE60039D244 /* model */,
				CA5F3CA11C896CE60039D244 /* SVProgressHUD */,
				F16AF72D1ECBF5F000B9E045 /* YXSqliteHandle */,
				CA5F3C8F1C896CCF0039D244 /* AppDelegate.h */,
				CA5F3C901C896CCF0039D244 /* AppDelegate.m */,
				CA5F3C911C896CCF0039D244 /* ViewController.h */,
				CA5F3C921C896CCF0039D244 /* ViewController.m */,
				CA5F3C931C896CCF0039D244 /* Main.storyboard */,
				CA5F3C681C896C3E0039D244 /* Assets.xcassets */,
				CA5F3C6A1C896C3E0039D244 /* LaunchScreen.storyboard */,
				CA5F3C6D1C896C3E0039D244 /* Info.plist */,
				CA5F3C5C1C896C3E0039D244 /* Supporting Files */,
			);
			path = YXDatabaseHandleSourceCode;
			sourceTree = "<group>";
		};
		CA5F3C5C1C896C3E0039D244 /* Supporting Files */ = {
			isa = PBXGroup;
			children = (
				CA5F3C5D1C896C3E0039D244 /* main.m */,
			);
			name = "Supporting Files";
			sourceTree = "<group>";
		};
		CA5F3C751C896C3E0039D244 /* YXDatabaseHandleSourceCodeTests */ = {
			isa = PBXGroup;
			children = (
				CA5F3C761C896C3E0039D244 /* YXDatabaseHandleSourceCodeTests.m */,
				CA5F3C781C896C3E0039D244 /* Info.plist */,
			);
			path = YXDatabaseHandleSourceCodeTests;
			sourceTree = "<group>";
		};
		CA5F3C801C896C3E0039D244 /* YXDatabaseHandleSourceCodeUITests */ = {
			isa = PBXGroup;
			children = (
				CA5F3C811C896C3E0039D244 /* YXDatabaseHandleSourceCodeUITests.m */,
				CA5F3C831C896C3E0039D244 /* Info.plist */,
			);
			path = YXDatabaseHandleSourceCodeUITests;
			sourceTree = "<group>";
		};
		CA5F3C971C896CE60039D244 /* model */ = {
			isa = PBXGroup;
			children = (
				CA5F3C981C896CE60039D244 /* CompanyModel.h */,
				CA5F3C991C896CE60039D244 /* CompanyModel.m */,
				CA5F3C9A1C896CE60039D244 /* EmployeeModel.h */,
				CA5F3C9B1C896CE60039D244 /* EmployeeModel.m */,
				CA5F3C9C1C896CE60039D244 /* EmployeeModel_table_mappingFile.plist */,
				CA5F3C9D1C896CE60039D244 /* root */,
				CA5F3C9E1C896CE60039D244 /* UserModel.h */,
				CA5F3CA01C896CE60039D244 /* UserModel.m */,
				CA5F3C9F1C896CE60039D244 /* UserModel.json */,
			);
			path = model;
			sourceTree = "<group>";
		};
		CA5F3C9D1C896CE60039D244 /* root */ = {
			isa = PBXGroup;
			children = (
			);
			path = root;
			sourceTree = "<group>";
		};
		CA5F3CA11C896CE60039D244 /* SVProgressHUD */ = {
			isa = PBXGroup;
			children = (
				CA5F3CA21C896CE60039D244 /* SVProgressHUD.bundle */,
				CA5F3CA31C896CE60039D244 /* SVProgressHUD.h */,
				CA5F3CA41C896CE60039D244 /* SVProgressHUD.m */,
			);
			path = SVProgressHUD;
			sourceTree = "<group>";
		};
		F16AF72D1ECBF5F000B9E045 /* YXSqliteHandle */ = {
			isa = PBXGroup;
			children = (
				F19B0E3B1F04A673006C6485 /* fmdb */,
				F16AF7301ECBF5F000B9E045 /* category */,
				F16AF7331ECBF5F000B9E045 /* dbHandle */,
				F16AF7461ECBF5F000B9E045 /* mappinFiles */,
				F16AF7481ECBF5F000B9E045 /* rootModel */,
				F16AF74B1ECBF5F000B9E045 /* YXReadMe.txt */,
			);
			path = YXSqliteHandle;
			sourceTree = "<group>";
		};
		F16AF7301ECBF5F000B9E045 /* category */ = {
			isa = PBXGroup;
			children = (
				F16AF7311ECBF5F000B9E045 /* NSString+YXStringEX.h */,
				F16AF7321ECBF5F000B9E045 /* NSString+YXStringEX.m */,
			);
			path = category;
			sourceTree = "<group>";
		};
		F16AF7331ECBF5F000B9E045 /* dbHandle */ = {
			isa = PBXGroup;
			children = (
				F16AF7341ECBF5F000B9E045 /* handleCategory */,
				F16AF73D1ECBF5F000B9E045 /* YXDatabaseHandle.h */,
				F16AF73E1ECBF5F000B9E045 /* YXDatabaseHandle.m */,
				F16AF73F1ECBF5F000B9E045 /* YXDBHelper.h */,
				F16AF7401ECBF5F000B9E045 /* YXDBHelper.m */,
				F16AF7411ECBF5F000B9E045 /* YXTableColumnInfo.h */,
				F16AF7421ECBF5F000B9E045 /* YXTableColumnInfo.m */,
				F16AF7431ECBF5F000B9E045 /* YXTableInfo.h */,
				F16AF7441ECBF5F000B9E045 /* YXTableInfo.m */,
				F16AF7451ECBF5F000B9E045 /* YXTypedefine.h */,
			);
			path = dbHandle;
			sourceTree = "<group>";
		};
		F16AF7341ECBF5F000B9E045 /* handleCategory */ = {
			isa = PBXGroup;
			children = (
				F16AF7351ECBF5F000B9E045 /* YXDatabaseHandle+Delete.h */,
				F16AF7361ECBF5F000B9E045 /* YXDatabaseHandle+Delete.m */,
				F16AF7371ECBF5F000B9E045 /* YXDatabaseHandle+Insert.h */,
				F16AF7381ECBF5F000B9E045 /* YXDatabaseHandle+Insert.m */,
				F16AF7391ECBF5F000B9E045 /* YXDatabaseHandle+Select.h */,
				F16AF73A1ECBF5F000B9E045 /* YXDatabaseHandle+Select.m */,
				F16AF73B1ECBF5F000B9E045 /* YXDatabaseHandle+Update.h */,
				F16AF73C1ECBF5F000B9E045 /* YXDatabaseHandle+Update.m */,
			);
			path = handleCategory;
			sourceTree = "<group>";
		};
		F16AF7461ECBF5F000B9E045 /* mappinFiles */ = {
			isa = PBXGroup;
			children = (
				F16AF7471ECBF5F000B9E045 /* YXLogsModel_table_mappingFile.plist */,
			);
			path = mappinFiles;
			sourceTree = "<group>";
		};
		F16AF7481ECBF5F000B9E045 /* rootModel */ = {
			isa = PBXGroup;
			children = (
				F16AF7491ECBF5F000B9E045 /* YXRootModel.h */,
				F16AF74A1ECBF5F000B9E045 /* YXRootModel.m */,
			);
			path = rootModel;
			sourceTree = "<group>";
		};
		F19B0E3B1F04A673006C6485 /* fmdb */ = {
			isa = PBXGroup;
			children = (
				F19B0E3C1F04A673006C6485 /* FMDatabase.h */,
				F19B0E3D1F04A673006C6485 /* FMDatabase.m */,
				F19B0E3E1F04A673006C6485 /* FMDatabaseAdditions.h */,
				F19B0E3F1F04A673006C6485 /* FMDatabaseAdditions.m */,
				F19B0E401F04A673006C6485 /* FMDatabasePool.h */,
				F19B0E411F04A673006C6485 /* FMDatabasePool.m */,
				F19B0E421F04A673006C6485 /* FMDatabaseQueue.h */,
				F19B0E431F04A673006C6485 /* FMDatabaseQueue.m */,
				F19B0E441F04A673006C6485 /* FMResultSet.h */,
				F19B0E451F04A673006C6485 /* FMResultSet.m */,
			);
			path = fmdb;
			sourceTree = "<group>";
		};
/* End PBXGroup section */

/* Begin PBXNativeTarget section */
		CA5F3C581C896C3E0039D244 /* YXDatabaseHandleSourceCode */ = {
			isa = PBXNativeTarget;
			buildConfigurationList = CA5F3C861C896C3E0039D244 /* Build configuration list for PBXNativeTarget "YXDatabaseHandleSourceCode" */;
			buildPhases = (
				CA5F3C551C896C3E0039D244 /* Sources */,
				CA5F3C561C896C3E0039D244 /* Frameworks */,
				CA5F3C571C896C3E0039D244 /* Resources */,
			);
			buildRules = (
			);
			dependencies = (
			);
			name = YXDatabaseHandleSourceCode;
			productName = YXDatabaseHandleSourceCode;
			productReference = CA5F3C591C896C3E0039D244 /* YXDatabaseHandleSourceCode.app */;
			productType = "com.apple.product-type.application";
		};
		CA5F3C711C896C3E0039D244 /* YXDatabaseHandleSourceCodeTests */ = {
			isa = PBXNativeTarget;
			buildConfigurationList = CA5F3C891C896C3E0039D244 /* Build configuration list for PBXNativeTarget "YXDatabaseHandleSourceCodeTests" */;
			buildPhases = (
				CA5F3C6E1C896C3E0039D244 /* Sources */,
				CA5F3C6F1C896C3E0039D244 /* Frameworks */,
				CA5F3C701C896C3E0039D244 /* Resources */,
			);
			buildRules = (
			);
			dependencies = (
				CA5F3C741C896C3E0039D244 /* PBXTargetDependency */,
			);
			name = YXDatabaseHandleSourceCodeTests;
			productName = YXDatabaseHandleSourceCodeTests;
			productReference = CA5F3C721C896C3E0039D244 /* YXDatabaseHandleSourceCodeTests.xctest */;
			productType = "com.apple.product-type.bundle.unit-test";
		};
		CA5F3C7C1C896C3E0039D244 /* YXDatabaseHandleSourceCodeUITests */ = {
			isa = PBXNativeTarget;
			buildConfigurationList = CA5F3C8C1C896C3E0039D244 /* Build configuration list for PBXNativeTarget "YXDatabaseHandleSourceCodeUITests" */;
			buildPhases = (
				CA5F3C791C896C3E0039D244 /* Sources */,
				CA5F3C7A1C896C3E0039D244 /* Frameworks */,
				CA5F3C7B1C896C3E0039D244 /* Resources */,
			);
			buildRules = (
			);
			dependencies = (
				CA5F3C7F1C896C3E0039D244 /* PBXTargetDependency */,
			);
			name = YXDatabaseHandleSourceCodeUITests;
			productName = YXDatabaseHandleSourceCodeUITests;
			productReference = CA5F3C7D1C896C3E0039D244 /* YXDatabaseHandleSourceCodeUITests.xctest */;
			productType = "com.apple.product-type.bundle.ui-testing";
		};
/* End PBXNativeTarget section */

/* Begin PBXProject section */
		CA5F3C511C896C3D0039D244 /* Project object */ = {
			isa = PBXProject;
			attributes = {
				LastUpgradeCheck = 0720;
				ORGANIZATIONNAME = "拓之林";
				TargetAttributes = {
					CA5F3C581C896C3E0039D244 = {
						CreatedOnToolsVersion = 7.2.1;
						DevelopmentTeam = PYKU93R6EC;
					};
					CA5F3C711C896C3E0039D244 = {
						CreatedOnToolsVersion = 7.2.1;
						TestTargetID = CA5F3C581C896C3E0039D244;
					};
					CA5F3C7C1C896C3E0039D244 = {
						CreatedOnToolsVersion = 7.2.1;
						TestTargetID = CA5F3C581C896C3E0039D244;
					};
				};
			};
			buildConfigurationList = CA5F3C541C896C3D0039D244 /* Build configuration list for PBXProject "YXDatabaseHandleSourceCode" */;
			compatibilityVersion = "Xcode 3.2";
			developmentRegion = English;
			hasScannedForEncodings = 0;
			knownRegions = (
				en,
				Base,
			);
			mainGroup = CA5F3C501C896C3D0039D244;
			productRefGroup = CA5F3C5A1C896C3E0039D244 /* Products */;
			projectDirPath = "";
			projectRoot = "";
			targets = (
				CA5F3C581C896C3E0039D244 /* YXDatabaseHandleSourceCode */,
				CA5F3C711C896C3E0039D244 /* YXDatabaseHandleSourceCodeTests */,
				CA5F3C7C1C896C3E0039D244 /* YXDatabaseHandleSourceCodeUITests */,
			);
		};
/* End PBXProject section */

/* Begin PBXResourcesBuildPhase section */
		CA5F3C571C896C3E0039D244 /* Resources */ = {
			isa = PBXResourcesBuildPhase;
			buildActionMask = 2147483647;
			files = (
				CA5F3C961C896CCF0039D244 /* Main.storyboard in Resources */,
				CA5F3CD61C896CE60039D244 /* SVProgressHUD.bundle in Resources */,
				CA5F3C6C1C896C3E0039D244 /* LaunchScreen.storyboard in Resources */,
				CA5F3CD31C896CE60039D244 /* EmployeeModel_table_mappingFile.plist in Resources */,
				CA5F3CD41C896CE60039D244 /* UserModel.json in Resources */,
				F16AF7581ECBF5F000B9E045 /* YXReadMe.txt in Resources */,
				F16AF7561ECBF5F000B9E045 /* YXLogsModel_table_mappingFile.plist in Resources */,
				CA5F3C691C896C3E0039D244 /* Assets.xcassets in Resources */,
			);
			runOnlyForDeploymentPostprocessing = 0;
		};
		CA5F3C701C896C3E0039D244 /* Resources */ = {
			isa = PBXResourcesBuildPhase;
			buildActionMask = 2147483647;
			files = (
			);
			runOnlyForDeploymentPostprocessing = 0;
		};
		CA5F3C7B1C896C3E0039D244 /* Resources */ = {
			isa = PBXResourcesBuildPhase;
			buildActionMask = 2147483647;
			files = (
			);
			runOnlyForDeploymentPostprocessing = 0;
		};
/* End PBXResourcesBuildPhase section */

/* Begin PBXSourcesBuildPhase section */
		CA5F3C551C896C3E0039D244 /* Sources */ = {
			isa = PBXSourcesBuildPhase;
			buildActionMask = 2147483647;
			files = (
				F16AF74F1ECBF5F000B9E045 /* YXDatabaseHandle+Insert.m in Sources */,
				F16AF74D1ECBF5F000B9E045 /* NSString+YXStringEX.m in Sources */,
				F16AF7501ECBF5F000B9E045 /* YXDatabaseHandle+Select.m in Sources */,
				F19B0E461F04A673006C6485 /* FMDatabase.m in Sources */,
				F16AF74E1ECBF5F000B9E045 /* YXDatabaseHandle+Delete.m in Sources */,
				CA5F3CD21C896CE60039D244 /* EmployeeModel.m in Sources */,
				CA5F3C951C896CCF0039D244 /* ViewController.m in Sources */,
				F16AF7541ECBF5F000B9E045 /* YXTableColumnInfo.m in Sources */,
				F19B0E4A1F04A673006C6485 /* FMResultSet.m in Sources */,
				CA5F3CD51C896CE60039D244 /* UserModel.m in Sources */,
				F16AF7521ECBF5F000B9E045 /* YXDatabaseHandle.m in Sources */,
				CA5F3CD71C896CE60039D244 /* SVProgressHUD.m in Sources */,
				F16AF7511ECBF5F000B9E045 /* YXDatabaseHandle+Update.m in Sources */,
				F16AF7531ECBF5F000B9E045 /* YXDBHelper.m in Sources */,
				CA5F3CD11C896CE60039D244 /* CompanyModel.m in Sources */,
				F16AF7571ECBF5F000B9E045 /* YXRootModel.m in Sources */,
				F19B0E471F04A673006C6485 /* FMDatabaseAdditions.m in Sources */,
				F16AF7551ECBF5F000B9E045 /* YXTableInfo.m in Sources */,
				F19B0E491F04A673006C6485 /* FMDatabaseQueue.m in Sources */,
				F19B0E481F04A673006C6485 /* FMDatabasePool.m in Sources */,
				CA5F3C941C896CCF0039D244 /* AppDelegate.m in Sources */,
				CA5F3C5E1C896C3E0039D244 /* main.m in Sources */,
			);
			runOnlyForDeploymentPostprocessing = 0;
		};
		CA5F3C6E1C896C3E0039D244 /* Sources */ = {
			isa = PBXSourcesBuildPhase;
			buildActionMask = 2147483647;
			files = (
				CA5F3C771C896C3E0039D244 /* YXDatabaseHandleSourceCodeTests.m in Sources */,
			);
			runOnlyForDeploymentPostprocessing = 0;
		};
		CA5F3C791C896C3E0039D244 /* Sources */ = {
			isa = PBXSourcesBuildPhase;
			buildActionMask = 2147483647;
			files = (
				CA5F3C821C896C3E0039D244 /* YXDatabaseHandleSourceCodeUITests.m in Sources */,
			);
			runOnlyForDeploymentPostprocessing = 0;
		};
/* End PBXSourcesBuildPhase section */

/* Begin PBXTargetDependency section */
		CA5F3C741C896C3E0039D244 /* PBXTargetDependency */ = {
			isa = PBXTargetDependency;
			target = CA5F3C581C896C3E0039D244 /* YXDatabaseHandleSourceCode */;
			targetProxy = CA5F3C731C896C3E0039D244 /* PBXContainerItemProxy */;
		};
		CA5F3C7F1C896C3E0039D244 /* PBXTargetDependency */ = {
			isa = PBXTargetDependency;
			target = CA5F3C581C896C3E0039D244 /* YXDatabaseHandleSourceCode */;
			targetProxy = CA5F3C7E1C896C3E0039D244 /* PBXContainerItemProxy */;
		};
/* End PBXTargetDependency section */

/* Begin PBXVariantGroup section */
		CA5F3C6A1C896C3E0039D244 /* LaunchScreen.storyboard */ = {
			isa = PBXVariantGroup;
			children = (
				CA5F3C6B1C896C3E0039D244 /* Base */,
			);
			name = LaunchScreen.storyboard;
			sourceTree = "<group>";
		};
/* End PBXVariantGroup section */

/* Begin XCBuildConfiguration section */
		CA5F3C841C896C3E0039D244 /* Debug */ = {
			isa = XCBuildConfiguration;
			buildSettings = {
				ALWAYS_SEARCH_USER_PATHS = NO;
				CLANG_CXX_LANGUAGE_STANDARD = "gnu++0x";
				CLANG_CXX_LIBRARY = "libc++";
				CLANG_ENABLE_MODULES = YES;
				CLANG_ENABLE_OBJC_ARC = YES;
				CLANG_WARN_BOOL_CONVERSION = YES;
				CLANG_WARN_CONSTANT_CONVERSION = YES;
				CLANG_WARN_DIRECT_OBJC_ISA_USAGE = YES_ERROR;
				CLANG_WARN_EMPTY_BODY = YES;
				CLANG_WARN_ENUM_CONVERSION = YES;
				CLANG_WARN_INT_CONVERSION = YES;
				CLANG_WARN_OBJC_ROOT_CLASS = YES_ERROR;
				CLANG_WARN_UNREACHABLE_CODE = YES;
				CLANG_WARN__DUPLICATE_METHOD_MATCH = YES;
				CODE_SIGN_IDENTITY = "iPhone Developer: Chuan Shi (H5PELCQLP5)";
				"CODE_SIGN_IDENTITY[sdk=iphoneos*]" = "iPhone Developer: Chuan Shi (H5PELCQLP5)";
				COPY_PHASE_STRIP = NO;
				DEBUG_INFORMATION_FORMAT = dwarf;
				ENABLE_STRICT_OBJC_MSGSEND = YES;
				ENABLE_TESTABILITY = YES;
				GCC_C_LANGUAGE_STANDARD = gnu99;
				GCC_DYNAMIC_NO_PIC = NO;
				GCC_NO_COMMON_BLOCKS = YES;
				GCC_OPTIMIZATION_LEVEL = 0;
				GCC_PREPROCESSOR_DEFINITIONS = (
					"DEBUG=1",
					"$(inherited)",
				);
				GCC_WARN_64_TO_32_BIT_CONVERSION = YES;
				GCC_WARN_ABOUT_RETURN_TYPE = YES_ERROR;
				GCC_WARN_UNDECLARED_SELECTOR = YES;
				GCC_WARN_UNINITIALIZED_AUTOS = YES_AGGRESSIVE;
				GCC_WARN_UNUSED_FUNCTION = YES;
				GCC_WARN_UNUSED_VARIABLE = YES;
				IPHONEOS_DEPLOYMENT_TARGET = 7.0;
				MTL_ENABLE_DEBUG_INFO = YES;
				ONLY_ACTIVE_ARCH = YES;
				OTHER_LDFLAGS = (
					"-objc",
					"-all_load",
				);
				PROVISIONING_PROFILE = "86961628-9daf-47d9-80e7-eae64e1d9ed3";
				SDKROOT = iphoneos;
			};
			name = Debug;
		};
		CA5F3C851C896C3E0039D244 /* Release */ = {
			isa = XCBuildConfiguration;
			buildSettings = {
				ALWAYS_SEARCH_USER_PATHS = NO;
				CLANG_CXX_LANGUAGE_STANDARD = "gnu++0x";
				CLANG_CXX_LIBRARY = "libc++";
				CLANG_ENABLE_MODULES = YES;
				CLANG_ENABLE_OBJC_ARC = YES;
				CLANG_WARN_BOOL_CONVERSION = YES;
				CLANG_WARN_CONSTANT_CONVERSION = YES;
				CLANG_WARN_DIRECT_OBJC_ISA_USAGE = YES_ERROR;
				CLANG_WARN_EMPTY_BODY = YES;
				CLANG_WARN_ENUM_CONVERSION = YES;
				CLANG_WARN_INT_CONVERSION = YES;
				CLANG_WARN_OBJC_ROOT_CLASS = YES_ERROR;
				CLANG_WARN_UNREACHABLE_CODE = YES;
				CLANG_WARN__DUPLICATE_METHOD_MATCH = YES;
				CODE_SIGN_IDENTITY = "iPhone Developer: Chuan Shi (H5PELCQLP5)";
				"CODE_SIGN_IDENTITY[sdk=iphoneos*]" = "iPhone Developer: Chuan Shi (H5PELCQLP5)";
				COPY_PHASE_STRIP = NO;
				DEBUG_INFORMATION_FORMAT = "dwarf-with-dsym";
				ENABLE_NS_ASSERTIONS = NO;
				ENABLE_STRICT_OBJC_MSGSEND = YES;
				GCC_C_LANGUAGE_STANDARD = gnu99;
				GCC_NO_COMMON_BLOCKS = YES;
				GCC_WARN_64_TO_32_BIT_CONVERSION = YES;
				GCC_WARN_ABOUT_RETURN_TYPE = YES_ERROR;
				GCC_WARN_UNDECLARED_SELECTOR = YES;
				GCC_WARN_UNINITIALIZED_AUTOS = YES_AGGRESSIVE;
				GCC_WARN_UNUSED_FUNCTION = YES;
				GCC_WARN_UNUSED_VARIABLE = YES;
				IPHONEOS_DEPLOYMENT_TARGET = 7.0;
				MTL_ENABLE_DEBUG_INFO = NO;
				OTHER_LDFLAGS = (
					"-objc",
					"-all_load",
				);
				PROVISIONING_PROFILE = "86961628-9daf-47d9-80e7-eae64e1d9ed3";
				SDKROOT = iphoneos;
				VALIDATE_PRODUCT = YES;
			};
			name = Release;
		};
		CA5F3C871C896C3E0039D244 /* Debug */ = {
			isa = XCBuildConfiguration;
			buildSettings = {
				ASSETCATALOG_COMPILER_APPICON_NAME = AppIcon;
				DEVELOPMENT_TEAM = PYKU93R6EC;
				FRAMEWORK_SEARCH_PATHS = (
					"$(inherited)",
					"$(PROJECT_DIR)",
				);
				INFOPLIST_FILE = YXDatabaseHandleSourceCode/Info.plist;
				LD_RUNPATH_SEARCH_PATHS = "$(inherited) @executable_path/Frameworks";
				OTHER_LDFLAGS = (
					"-objc",
					"-all_load",
				);
				PRODUCT_BUNDLE_IDENTIFIER = com.commonTestID.YXDatabaseHandleSourceCode;
				PRODUCT_NAME = "$(TARGET_NAME)";
				PROVISIONING_PROFILE = "86961628-9daf-47d9-80e7-eae64e1d9ed3";
				PROVISIONING_PROFILE_SPECIFIER = commonTestID_development;
			};
			name = Debug;
		};
		CA5F3C881C896C3E0039D244 /* Release */ = {
			isa = XCBuildConfiguration;
			buildSettings = {
				ASSETCATALOG_COMPILER_APPICON_NAME = AppIcon;
				DEVELOPMENT_TEAM = PYKU93R6EC;
				FRAMEWORK_SEARCH_PATHS = (
					"$(inherited)",
					"$(PROJECT_DIR)",
				);
				INFOPLIST_FILE = YXDatabaseHandleSourceCode/Info.plist;
				LD_RUNPATH_SEARCH_PATHS = "$(inherited) @executable_path/Frameworks";
				OTHER_LDFLAGS = (
					"-objc",
					"-all_load",
				);
				PRODUCT_BUNDLE_IDENTIFIER = com.commonTestID.YXDatabaseHandleSourceCode;
				PRODUCT_NAME = "$(TARGET_NAME)";
				PROVISIONING_PROFILE = "86961628-9daf-47d9-80e7-eae64e1d9ed3";
				PROVISIONING_PROFILE_SPECIFIER = commonTestID_development;
			};
			name = Release;
		};
		CA5F3C8A1C896C3E0039D244 /* Debug */ = {
			isa = XCBuildConfiguration;
			buildSettings = {
				BUNDLE_LOADER = "$(TEST_HOST)";
				INFOPLIST_FILE = YXDatabaseHandleSourceCodeTests/Info.plist;
				LD_RUNPATH_SEARCH_PATHS = "$(inherited) @executable_path/Frameworks @loader_path/Frameworks";
				PRODUCT_BUNDLE_IDENTIFIER = com.tzl.YXDatabaseHandleSourceCodeTests;
				PRODUCT_NAME = "$(TARGET_NAME)";
				TEST_HOST = "$(BUILT_PRODUCTS_DIR)/YXDatabaseHandleSourceCode.app/YXDatabaseHandleSourceCode";
			};
			name = Debug;
		};
		CA5F3C8B1C896C3E0039D244 /* Release */ = {
			isa = XCBuildConfiguration;
			buildSettings = {
				BUNDLE_LOADER = "$(TEST_HOST)";
				INFOPLIST_FILE = YXDatabaseHandleSourceCodeTests/Info.plist;
				LD_RUNPATH_SEARCH_PATHS = "$(inherited) @executable_path/Frameworks @loader_path/Frameworks";
				PRODUCT_BUNDLE_IDENTIFIER = com.tzl.YXDatabaseHandleSourceCodeTests;
				PRODUCT_NAME = "$(TARGET_NAME)";
				TEST_HOST = "$(BUILT_PRODUCTS_DIR)/YXDatabaseHandleSourceCode.app/YXDatabaseHandleSourceCode";
			};
			name = Release;
		};
		CA5F3C8D1C896C3E0039D244 /* Debug */ = {
			isa = XCBuildConfiguration;
			buildSettings = {
				INFOPLIST_FILE = YXDatabaseHandleSourceCodeUITests/Info.plist;
				LD_RUNPATH_SEARCH_PATHS = "$(inherited) @executable_path/Frameworks @loader_path/Frameworks";
				PRODUCT_BUNDLE_IDENTIFIER = com.tzl.YXDatabaseHandleSourceCodeUITests;
				PRODUCT_NAME = "$(TARGET_NAME)";
				TEST_TARGET_NAME = YXDatabaseHandleSourceCode;
				USES_XCTRUNNER = YES;
			};
			name = Debug;
		};
		CA5F3C8E1C896C3E0039D244 /* Release */ = {
			isa = XCBuildConfiguration;
			buildSettings = {
				INFOPLIST_FILE = YXDatabaseHandleSourceCodeUITests/Info.plist;
				LD_RUNPATH_SEARCH_PATHS = "$(inherited) @executable_path/Frameworks @loader_path/Frameworks";
				PRODUCT_BUNDLE_IDENTIFIER = com.tzl.YXDatabaseHandleSourceCodeUITests;
				PRODUCT_NAME = "$(TARGET_NAME)";
				TEST_TARGET_NAME = YXDatabaseHandleSourceCode;
				USES_XCTRUNNER = YES;
			};
			name = Release;
		};
/* End XCBuildConfiguration section */

/* Begin XCConfigurationList section */
		CA5F3C541C896C3D0039D244 /* Build configuration list for PBXProject "YXDatabaseHandleSourceCode" */ = {
			isa = XCConfigurationList;
			buildConfigurations = (
				CA5F3C841C896C3E0039D244 /* Debug */,
				CA5F3C851C896C3E0039D244 /* Release */,
			);
			defaultConfigurationIsVisible = 0;
			defaultConfigurationName = Release;
		};
		CA5F3C861C896C3E0039D244 /* Build configuration list for PBXNativeTarget "YXDatabaseHandleSourceCode" */ = {
			isa = XCConfigurationList;
			buildConfigurations = (
				CA5F3C871C896C3E0039D244 /* Debug */,
				CA5F3C881C896C3E0039D244 /* Release */,
			);
			defaultConfigurationIsVisible = 0;
			defaultConfigurationName = Release;
		};
		CA5F3C891C896C3E0039D244 /* Build configuration list for PBXNativeTarget "YXDatabaseHandleSourceCodeTests" */ = {
			isa = XCConfigurationList;
			buildConfigurations = (
				CA5F3C8A1C896C3E0039D244 /* Debug */,
				CA5F3C8B1C896C3E0039D244 /* Release */,
			);
			defaultConfigurationIsVisible = 0;
			defaultConfigurationName = Release;
		};
		CA5F3C8C1C896C3E0039D244 /* Build configuration list for PBXNativeTarget "YXDatabaseHandleSourceCodeUITests" */ = {
			isa = XCConfigurationList;
			buildConfigurations = (
				CA5F3C8D1C896C3E0039D244 /* Debug */,
				CA5F3C8E1C896C3E0039D244 /* Release */,
			);
			defaultConfigurationIsVisible = 0;
			defaultConfigurationName = Release;
		};
/* End XCConfigurationList section */
	};
	rootObject = CA5F3C511C896C3D0039D244 /* Project object */;
}
